
Microsoft Visual Studio Solution File, Format Version 12.00
# Visual Studio Version 18
VisualStudioVersion = 18.4.11612.150 stable
MinimumVisualStudioVersion = 10.0.40219.1
Project("{FAE04EC0-301F-11D3-BF4B-00C04F79EFBC}") = "TechnicalTest.ClassLibrary", "TechnicalTest.ClassLibrary\TechnicalTest.ClassLibrary.csproj", "{3596C70A-DE3B-4940-A2F4-A43302F7EC81}"
EndProject
Project("{FAE04EC0-301F-11D3-BF4B-00C04F79EFBC}") = "TechnicalTest.Dtos", "TechnicalTest.Dtos\TechnicalTest.Dtos.csproj", "{AEF353D5-642B-49ED-9B90-63EBDF164576}"
EndProject
Project("{FAE04EC0-301F-11D3-BF4B-00C04F79EFBC}") = "TechnicalTest.Data", "TechnicalTest.Data\TechnicalTest.Data.csproj", "{892563CD-30CE-42F3-B52A-95974BF84F7D}"
EndProject
Global
	GlobalSection(SolutionConfigurationPlatforms) = preSolution
		Debug|Any CPU = Debug|Any CPU
		Release|Any CPU = Release|Any CPU
	EndGlobalSection
	GlobalSection(ProjectConfigurationPlatforms) = postSolution
		{3596C70A-DE3B-4940-A2F4-A43302F7EC81}.Debug|Any CPU.ActiveCfg = Debug|Any CPU
		{3596C70A-DE3B-4940-A2F4-A43302F7EC81}.Debug|Any CPU.Build.0 = Debug|Any CPU
		{3596C70A-DE3B-4940-A2F4-A43302F7EC81}.Release|Any CPU.ActiveCfg = Release|Any CPU
		{3596C70A-DE3B-4940-A2F4-A43302F7EC81}.Release|Any CPU.Build.0 = Release|Any CPU
		{AEF353D5-642B-49ED-9B90-63EBDF164576}.Debug|Any CPU.ActiveCfg = Debug|Any CPU
		{AEF353D5-642B-49ED-9B90-63EBDF164576}.Debug|Any CPU.Build.0 = Debug|Any CPU
		{AEF353D5-642B-49ED-9B90-63EBDF164576}.Release|Any CPU.ActiveCfg = Release|Any CPU
		{AEF353D5-642B-49ED-9B90-63EBDF164576}.Release|Any CPU.Build.0 = Release|Any CPU
		{892563CD-30CE-42F3-B52A-95974BF84F7D}.Debug|Any CPU.ActiveCfg = Debug|Any CPU
		{892563CD-30CE-42F3-B52A-95974BF84F7D}.Debug|Any CPU.Build.0 = Debug|Any CPU
		{892563CD-30CE-42F3-B52A-95974BF84F7D}.Release|Any CPU.ActiveCfg = Release|Any CPU
		{892563CD-30CE-42F3-B52A-95974BF84F7D}.Release|Any CPU.Build.0 = Release|Any CPU
	EndGlobalSection
	GlobalSection(SolutionProperties) = preSolution
		HideSolutionNode = FALSE
	EndGlobalSection
	GlobalSection(ExtensibilityGlobals) = postSolution
		SolutionGuid = {671DE08F-3546-4C25-9492-9385ED9353B9}
	EndGlobalSection
EndGlobal
